{
  "requires": true,
  "lockfileVersion": 1,
  "dependencies": {
    "cordova-plugin-battery-status": {
      "version": "1.2.5",
      "resolved": "https://registry.npmjs.org/cordova-plugin-battery-status/-/cordova-plugin-battery-status-1.2.5.tgz",
      "integrity": "sha1-bGSPmzz1qwNLlcXP/lhPVXbULKk=",
      "dev": true
    },
    "cordova-plugin-cleartext": {
      "version": "1.0.0",
      "resolved": "https://registry.npmjs.org/cordova-plugin-cleartext/-/cordova-plugin-cleartext-1.0.0.tgz",
      "integrity": "sha512-qkrKshxZIOiwFxf9kRDOIqkVgl82172NeD0EMjEjwLwDdCqQ+18B7cn1QW8yg6JmHeDtyvLH7AW8kC8EuESXdw==",
      "dev": true
    },
    "cordova-plugin-compat": {
      "version": "1.2.0",
      "resolved": "https://registry.npmjs.org/cordova-plugin-compat/-/cordova-plugin-compat-1.2.0.tgz",
      "integrity": "sha1-C8ZXVyduvZIMASzpIOJ0F3V2Nz4=",
      "dev": true
    },
    "cordova-plugin-dialogs": {
      "version": "1.3.4",
      "resolved": "https://registry.npmjs.org/cordova-plugin-dialogs/-/cordova-plugin-dialogs-1.3.4.tgz",
      "integrity": "sha1-XMlm7nyZsvW1s934SQAmKLDacVc=",
      "dev": true
    },
    "cordova-plugin-legacy-whitelist": {
      "version": "1.1.2",
      "resolved": "https://registry.npmjs.org/cordova-plugin-legacy-whitelist/-/cordova-plugin-legacy-whitelist-1.1.2.tgz",
      "integrity": "sha1-FVNcxvm8+Bem0IuVXcynAG4HEmQ=",
      "dev": true
    },
    "cordova-plugin-network-information": {
      "version": "1.3.4",
      "resolved": "https://registry.npmjs.org/cordova-plugin-network-information/-/cordova-plugin-network-information-1.3.4.tgz",
      "integrity": "sha1-KPQmzCZZF03GIqBxgPm6DYVfc4M=",
      "dev": true
    },
    "cordova-plugin-statusbar": {
      "version": "2.4.3",
      "resolved": "https://registry.npmjs.org/cordova-plugin-statusbar/-/cordova-plugin-statusbar-2.4.3.tgz",
      "integrity": "sha512-ThmXzl6QIKWFXf4wWw7Q/zpB+VKkz3VM958+5A0sXD4jmR++u7KnGttLksXshVwWr6lvGwUebLYtIyXwS4Ovcg=="
    }
  }
}
